
Microsoft Visual Studio Solution File, Format Version 12.00
# Visual Studio Version 17
VisualStudioVersion = 17.0.31903.59
MinimumVisualStudioVersion = 10.0.40219.1
Project("{FAE04EC0-301F-11D3-BF4B-00C04F79EFBC}") = "day1", "day1\day1.csproj", "{9DA2ADB1-92FF-4DC5-8A34-ED77EB4186A9}"
EndProject
Project("{FAE04EC0-301F-11D3-BF4B-00C04F79EFBC}") = "day2", "day2\day2.csproj", "{67F5B6C3-E8C1-4573-B717-81E9D84AD338}"
EndProject
Project("{FAE04EC0-301F-11D3-BF4B-00C04F79EFBC}") = "day3", "day3\day3.csproj", "{F2BD4380-E072-4488-879B-8BDA6729B205}"
EndProject
Project("{FAE04EC0-301F-11D3-BF4B-00C04F79EFBC}") = "day4", "day4\day4.csproj", "{8E634F45-EE49-4107-85D1-A1548BF0E1CE}"
EndProject
Project("{FAE04EC0-301F-11D3-BF4B-00C04F79EFBC}") = "day5", "day5\day5.csproj", "{09055F44-D7DD-417F-890B-0E613230452D}"
EndProject
Project("{FAE04EC0-301F-11D3-BF4B-00C04F79EFBC}") = "day6", "day6\day6.csproj", "{CD1D1BC2-5EB3-46FB-9E4B-7E1EE125E248}"
EndProject
Project("{FAE04EC0-301F-11D3-BF4B-00C04F79EFBC}") = "day7", "day7\day7.csproj", "{92723533-A4B4-4039-9539-1988A987A3AA}"
EndProject
Project("{FAE04EC0-301F-11D3-BF4B-00C04F79EFBC}") = "day8", "day8\day8.csproj", "{C2B45D45-33E2-43CF-AD0F-B114ED96850A}"
EndProject
Project("{FAE04EC0-301F-11D3-BF4B-00C04F79EFBC}") = "day9", "day9\day9.csproj", "{7A3EC9DF-8B3C-4AEF-9756-93DB992D1F8D}"
EndProject
Project("{FAE04EC0-301F-11D3-BF4B-00C04F79EFBC}") = "day10", "day10\day10.csproj", "{CA1CEA2C-2919-405C-B289-379F5F3EFD3B}"
EndProject
Project("{FAE04EC0-301F-11D3-BF4B-00C04F79EFBC}") = "day11", "day11\day11.csproj", "{67D572EC-7FB1-4A59-AB79-03E0244AF9AC}"
EndProject
Project("{FAE04EC0-301F-11D3-BF4B-00C04F79EFBC}") = "day12", "day12\day12.csproj", "{12BF34C8-4E67-45D7-887A-1FA041D17E01}"
EndProject
Project("{FAE04EC0-301F-11D3-BF4B-00C04F79EFBC}") = "day13", "day13\day13.csproj", "{B41D4575-AEAE-4B5D-80B9-7692BB678F7D}"
EndProject
Project("{FAE04EC0-301F-11D3-BF4B-00C04F79EFBC}") = "day14", "day14\day14.csproj", "{236B528F-5728-4BFF-ADDA-0F8CA65A5FD6}"
EndProject
Project("{FAE04EC0-301F-11D3-BF4B-00C04F79EFBC}") = "day15", "day15\day15.csproj", "{A99AF038-C402-41EA-BA76-E7A8D6F43594}"
EndProject
Global
	GlobalSection(SolutionConfigurationPlatforms) = preSolution
		Debug|Any CPU = Debug|Any CPU
		Release|Any CPU = Release|Any CPU
	EndGlobalSection
	GlobalSection(SolutionProperties) = preSolution
		HideSolutionNode = FALSE
	EndGlobalSection
	GlobalSection(ProjectConfigurationPlatforms) = postSolution
		{9DA2ADB1-92FF-4DC5-8A34-ED77EB4186A9}.Debug|Any CPU.ActiveCfg = Debug|Any CPU
		{9DA2ADB1-92FF-4DC5-8A34-ED77EB4186A9}.Debug|Any CPU.Build.0 = Debug|Any CPU
		{9DA2ADB1-92FF-4DC5-8A34-ED77EB4186A9}.Release|Any CPU.ActiveCfg = Release|Any CPU
		{9DA2ADB1-92FF-4DC5-8A34-ED77EB4186A9}.Release|Any CPU.Build.0 = Release|Any CPU
		{67F5B6C3-E8C1-4573-B717-81E9D84AD338}.Debug|Any CPU.ActiveCfg = Debug|Any CPU
		{67F5B6C3-E8C1-4573-B717-81E9D84AD338}.Debug|Any CPU.Build.0 = Debug|Any CPU
		{67F5B6C3-E8C1-4573-B717-81E9D84AD338}.Release|Any CPU.ActiveCfg = Release|Any CPU
		{67F5B6C3-E8C1-4573-B717-81E9D84AD338}.Release|Any CPU.Build.0 = Release|Any CPU
		{F2BD4380-E072-4488-879B-8BDA6729B205}.Debug|Any CPU.ActiveCfg = Debug|Any CPU
		{F2BD4380-E072-4488-879B-8BDA6729B205}.Debug|Any CPU.Build.0 = Debug|Any CPU
		{F2BD4380-E072-4488-879B-8BDA6729B205}.Release|Any CPU.ActiveCfg = Release|Any CPU
		{F2BD4380-E072-4488-879B-8BDA6729B205}.Release|Any CPU.Build.0 = Release|Any CPU
		{8E634F45-EE49-4107-85D1-A1548BF0E1CE}.Debug|Any CPU.ActiveCfg = Debug|Any CPU
		{8E634F45-EE49-4107-85D1-A1548BF0E1CE}.Debug|Any CPU.Build.0 = Debug|Any CPU
		{8E634F45-EE49-4107-85D1-A1548BF0E1CE}.Release|Any CPU.ActiveCfg = Release|Any CPU
		{8E634F45-EE49-4107-85D1-A1548BF0E1CE}.Release|Any CPU.Build.0 = Release|Any CPU
		{09055F44-D7DD-417F-890B-0E613230452D}.Debug|Any CPU.ActiveCfg = Debug|Any CPU
		{09055F44-D7DD-417F-890B-0E613230452D}.Debug|Any CPU.Build.0 = Debug|Any CPU
		{09055F44-D7DD-417F-890B-0E613230452D}.Release|Any CPU.ActiveCfg = Release|Any CPU
		{09055F44-D7DD-417F-890B-0E613230452D}.Release|Any CPU.Build.0 = Release|Any CPU
		{CD1D1BC2-5EB3-46FB-9E4B-7E1EE125E248}.Debug|Any CPU.ActiveCfg = Debug|Any CPU
		{CD1D1BC2-5EB3-46FB-9E4B-7E1EE125E248}.Debug|Any CPU.Build.0 = Debug|Any CPU
		{CD1D1BC2-5EB3-46FB-9E4B-7E1EE125E248}.Release|Any CPU.ActiveCfg = Release|Any CPU
		{CD1D1BC2-5EB3-46FB-9E4B-7E1EE125E248}.Release|Any CPU.Build.0 = Release|Any CPU
		{92723533-A4B4-4039-9539-1988A987A3AA}.Debug|Any CPU.ActiveCfg = Debug|Any CPU
		{92723533-A4B4-4039-9539-1988A987A3AA}.Debug|Any CPU.Build.0 = Debug|Any CPU
		{92723533-A4B4-4039-9539-1988A987A3AA}.Release|Any CPU.ActiveCfg = Release|Any CPU
		{92723533-A4B4-4039-9539-1988A987A3AA}.Release|Any CPU.Build.0 = Release|Any CPU
		{C2B45D45-33E2-43CF-AD0F-B114ED96850A}.Debug|Any CPU.ActiveCfg = Debug|Any CPU
		{C2B45D45-33E2-43CF-AD0F-B114ED96850A}.Debug|Any CPU.Build.0 = Debug|Any CPU
		{C2B45D45-33E2-43CF-AD0F-B114ED96850A}.Release|Any CPU.ActiveCfg = Release|Any CPU
		{C2B45D45-33E2-43CF-AD0F-B114ED96850A}.Release|Any CPU.Build.0 = Release|Any CPU
		{7A3EC9DF-8B3C-4AEF-9756-93DB992D1F8D}.Debug|Any CPU.ActiveCfg = Debug|Any CPU
		{7A3EC9DF-8B3C-4AEF-9756-93DB992D1F8D}.Debug|Any CPU.Build.0 = Debug|Any CPU
		{7A3EC9DF-8B3C-4AEF-9756-93DB992D1F8D}.Release|Any CPU.ActiveCfg = Release|Any CPU
		{7A3EC9DF-8B3C-4AEF-9756-93DB992D1F8D}.Release|Any CPU.Build.0 = Release|Any CPU
		{CA1CEA2C-2919-405C-B289-379F5F3EFD3B}.Debug|Any CPU.ActiveCfg = Debug|Any CPU
		{CA1CEA2C-2919-405C-B289-379F5F3EFD3B}.Debug|Any CPU.Build.0 = Debug|Any CPU
		{CA1CEA2C-2919-405C-B289-379F5F3EFD3B}.Release|Any CPU.ActiveCfg = Release|Any CPU
		{CA1CEA2C-2919-405C-B289-379F5F3EFD3B}.Release|Any CPU.Build.0 = Release|Any CPU
		{67D572EC-7FB1-4A59-AB79-03E0244AF9AC}.Debug|Any CPU.ActiveCfg = Debug|Any CPU
		{67D572EC-7FB1-4A59-AB79-03E0244AF9AC}.Debug|Any CPU.Build.0 = Debug|Any CPU
		{67D572EC-7FB1-4A59-AB79-03E0244AF9AC}.Release|Any CPU.ActiveCfg = Release|Any CPU
		{67D572EC-7FB1-4A59-AB79-03E0244AF9AC}.Release|Any CPU.Build.0 = Release|Any CPU
		{12BF34C8-4E67-45D7-887A-1FA041D17E01}.Debug|Any CPU.ActiveCfg = Debug|Any CPU
		{12BF34C8-4E67-45D7-887A-1FA041D17E01}.Debug|Any CPU.Build.0 = Debug|Any CPU
		{12BF34C8-4E67-45D7-887A-1FA041D17E01}.Release|Any CPU.ActiveCfg = Release|Any CPU
		{12BF34C8-4E67-45D7-887A-1FA041D17E01}.Release|Any CPU.Build.0 = Release|Any CPU
		{B41D4575-AEAE-4B5D-80B9-7692BB678F7D}.Debug|Any CPU.ActiveCfg = Debug|Any CPU
		{B41D4575-AEAE-4B5D-80B9-7692BB678F7D}.Debug|Any CPU.Build.0 = Debug|Any CPU
		{B41D4575-AEAE-4B5D-80B9-7692BB678F7D}.Release|Any CPU.ActiveCfg = Release|Any CPU
		{B41D4575-AEAE-4B5D-80B9-7692BB678F7D}.Release|Any CPU.Build.0 = Release|Any CPU
		{236B528F-5728-4BFF-ADDA-0F8CA65A5FD6}.Debug|Any CPU.ActiveCfg = Debug|Any CPU
		{236B528F-5728-4BFF-ADDA-0F8CA65A5FD6}.Debug|Any CPU.Build.0 = Debug|Any CPU
		{236B528F-5728-4BFF-ADDA-0F8CA65A5FD6}.Release|Any CPU.ActiveCfg = Release|Any CPU
		{236B528F-5728-4BFF-ADDA-0F8CA65A5FD6}.Release|Any CPU.Build.0 = Release|Any CPU
		{A99AF038-C402-41EA-BA76-E7A8D6F43594}.Debug|Any CPU.ActiveCfg = Debug|Any CPU
		{A99AF038-C402-41EA-BA76-E7A8D6F43594}.Debug|Any CPU.Build.0 = Debug|Any CPU
		{A99AF038-C402-41EA-BA76-E7A8D6F43594}.Release|Any CPU.ActiveCfg = Release|Any CPU
		{A99AF038-C402-41EA-BA76-E7A8D6F43594}.Release|Any CPU.Build.0 = Release|Any CPU
	EndGlobalSection
EndGlobal
